
Microsoft Visual Studio Solution File, Format Version 12.00
# Visual Studio Version 16
VisualStudioVersion = 16.0.28803.156
MinimumVisualStudioVersion = 10.0.40219.1
Project("{9A19103F-16F7-4668-BE54-9A1E7A4F7556}") = "RealEstateAdmin", "ReadStateAdmin\RealEstateAdmin.csproj", "{36AC95A1-5C75-489C-AF26-DB50C65635EA}"
EndProject
Global
	GlobalSection(SolutionConfigurationPlatforms) = preSolution
		Debug|Any CPU = Debug|Any CPU
		Release|Any CPU = Release|Any CPU
	EndGlobalSection
	GlobalSection(ProjectConfigurationPlatforms) = postSolution
		{36AC95A1-5C75-489C-AF26-DB50C65635EA}.Debug|Any CPU.ActiveCfg = Debug|Any CPU
		{36AC95A1-5C75-489C-AF26-DB50C65635EA}.Debug|Any CPU.Build.0 = Debug|Any CPU
		{36AC95A1-5C75-489C-AF26-DB50C65635EA}.Release|Any CPU.ActiveCfg = Release|Any CPU
		{36AC95A1-5C75-489C-AF26-DB50C65635EA}.Release|Any CPU.Build.0 = Release|Any CPU
	EndGlobalSection
	GlobalSection(SolutionProperties) = preSolution
		HideSolutionNode = FALSE
	EndGlobalSection
	GlobalSection(ExtensibilityGlobals) = postSolution
		SolutionGuid = {6E9242D6-CD19-4181-A259-C7C5D38B213C}
	EndGlobalSection
EndGlobal
